
Microsoft Visual Studio Solution File, Format Version 12.00
# Visual Studio Version 17
VisualStudioVersion = 17.4.33110.190
MinimumVisualStudioVersion = 10.0.40219.1
Project("{FAE04EC0-301F-11D3-BF4B-00C04F79EFBC}") = "InfoShare.Errors.Playground", "InfoShare.Errors.Playground\InfoShare.Errors.Playground.csproj", "{AE8B89CC-945C-4245-A224-BB032206AEBE}"
EndProject
Global
	GlobalSection(SolutionConfigurationPlatforms) = preSolution
		Debug|Any CPU = Debug|Any CPU
		Release|Any CPU = Release|Any CPU
	EndGlobalSection
	GlobalSection(ProjectConfigurationPlatforms) = postSolution
		{AE8B89CC-945C-4245-A224-BB032206AEBE}.Debug|Any CPU.ActiveCfg = Debug|Any CPU
		{AE8B89CC-945C-4245-A224-BB032206AEBE}.Debug|Any CPU.Build.0 = Debug|Any CPU
		{AE8B89CC-945C-4245-A224-BB032206AEBE}.Release|Any CPU.ActiveCfg = Release|Any CPU
		{AE8B89CC-945C-4245-A224-BB032206AEBE}.Release|Any CPU.Build.0 = Release|Any CPU
	EndGlobalSection
	GlobalSection(SolutionProperties) = preSolution
		HideSolutionNode = FALSE
	EndGlobalSection
	GlobalSection(ExtensibilityGlobals) = postSolution
		SolutionGuid = {DACE23BE-C523-4AD3-BE55-DEA33649E1EF}
	EndGlobalSection
EndGlobal
